// !$*UTF8*$!
{
	archiveVersion = 1;
	classes = {
	};
	objectVersion = 46;
	objects = {

/* Begin PBXBuildFile section */
		B098BE971EF425490020CA9F /* main.m in Sources */ = {isa = PBXBuildFile; fileRef = B098BE961EF425490020CA9F /* main.m */; };
		B098BE9A1EF425490020CA9F /* AppDelegate.m in Sources */ = {isa = PBXBuildFile; fileRef = B098BE991EF425490020CA9F /* AppDelegate.m */; };
		B098BE9D1EF425490020CA9F /* ViewController.m in Sources */ = {isa = PBXBuildFile; fileRef = B098BE9C1EF425490020CA9F /* ViewController.m */; };
		B098BEA01EF425490020CA9F /* Main.storyboard in Resources */ = {isa = PBXBuildFile; fileRef = B098BE9E1EF425490020CA9F /* Main.storyboard */; };
		B098BEA31EF425490020CA9F /* Test11.xcdatamodeld in Sources */ = {isa = PBXBuildFile; fileRef = B098BEA11EF425490020CA9F /* Test11.xcdatamodeld */; };
		B098BEA51EF425490020CA9F /* Assets.xcassets in Resources */ = {isa = PBXBuildFile; fileRef = B098BEA41EF425490020CA9F /* Assets.xcassets */; };
		B098BEA81EF425490020CA9F /* LaunchScreen.storyboard in Resources */ = {isa = PBXBuildFile; fileRef = B098BEA61EF425490020CA9F /* LaunchScreen.storyboard */; };
		B098BEB31EF425490020CA9F /* Test11Tests.m in Sources */ = {isa = PBXBuildFile; fileRef = B098BEB21EF425490020CA9F /* Test11Tests.m */; };
		B098BEBE1EF425490020CA9F /* Test11UITests.m in Sources */ = {isa = PBXBuildFile; fileRef = B098BEBD1EF425490020CA9F /* Test11UITests.m */; };
		B098BEE41EF8BAA60020CA9F /* Calc.m in Sources */ = {isa = PBXBuildFile; fileRef = B098BEE31EF8BAA60020CA9F /* Calc.m */; };
/* End PBXBuildFile section */

/* Begin PBXContainerItemProxy section */
		B098BEAF1EF425490020CA9F /* PBXContainerItemProxy */ = {
			isa = PBXContainerItemProxy;
			containerPortal = B098BE8A1EF425490020CA9F /* Project object */;
			proxyType = 1;
			remoteGlobalIDString = B098BE911EF425490020CA9F;
			remoteInfo = Test11;
		};
		B098BEBA1EF425490020CA9F /* PBXContainerItemProxy */ = {
			isa = PBXContainerItemProxy;
			containerPortal = B098BE8A1EF425490020CA9F /* Project object */;
			proxyType = 1;
			remoteGlobalIDString = B098BE911EF425490020CA9F;
			remoteInfo = Test11;
		};
/* End PBXContainerItemProxy section */

/* Begin PBXFileReference section */
		B098BE921EF425490020CA9F /* Test11.app */ = {isa = PBXFileReference; explicitFileType = wrapper.application; includeInIndex = 0; path = Test11.app; sourceTree = BUILT_PRODUCTS_DIR; };
		B098BE961EF425490020CA9F /* main.m */ = {isa = PBXFileReference; lastKnownFileType = sourcecode.c.objc; path = main.m; sourceTree = "<group>"; };
		B098BE981EF425490020CA9F /* AppDelegate.h */ = {isa = PBXFileReference; lastKnownFileType = sourcecode.c.h; path = AppDelegate.h; sourceTree = "<group>"; };
		B098BE991EF425490020CA9F /* AppDelegate.m */ = {isa = PBXFileReference; lastKnownFileType = sourcecode.c.objc; path = AppDelegate.m; sourceTree = "<group>"; };
		B098BE9B1EF425490020CA9F /* ViewController.h */ = {isa = PBXFileReference; lastKnownFileType = sourcecode.c.h; path = ViewController.h; sourceTree = "<group>"; };
		B098BE9C1EF425490020CA9F /* ViewController.m */ = {isa = PBXFileReference; lastKnownFileType = sourcecode.c.objc; path = ViewController.m; sourceTree = "<group>"; };
		B098BE9F1EF425490020CA9F /* Base */ = {isa = PBXFileReference; lastKnownFileType = file.storyboard; name = Base; path = Base.lproj/Main.storyboard; sourceTree = "<group>"; };
		B098BEA21EF425490020CA9F /* Test11.xcdatamodel */ = {isa = PBXFileReference; lastKnownFileType = wrapper.xcdatamodel; path = Test11.xcdatamodel; sourceTree = "<group>"; };
		B098BEA41EF425490020CA9F /* Assets.xcassets */ = {isa = PBXFileReference; lastKnownFileType = folder.assetcatalog; path = Assets.xcassets; sourceTree = "<group>"; };
		B098BEA71EF425490020CA9F /* Base */ = {isa = PBXFileReference; lastKnownFileType = file.storyboard; name = Base; path = Base.lproj/LaunchScreen.storyboard; sourceTree = "<group>"; };
		B098BEA91EF425490020CA9F /* Info.plist */ = {isa = PBXFileReference; lastKnownFileType = text.plist.xml; path = Info.plist; sourceTree = "<group>"; };
		B098BEAE1EF425490020CA9F /* Test11Tests.xctest */ = {isa = PBXFileReference; explicitFileType = wrapper.cfbundle; includeInIndex = 0; path = Test11Tests.xctest; sourceTree = BUILT_PRODUCTS_DIR; };
		B098BEB21EF425490020CA9F /* Test11Tests.m */ = {isa = PBXFileReference; lastKnownFileType = sourcecode.c.objc; path = Test11Tests.m; sourceTree = "<group>"; };
		B098BEB41EF425490020CA9F /* Info.plist */ = {isa = PBXFileReference; lastKnownFileType = text.plist.xml; path = Info.plist; sourceTree = "<group>"; };
		B098BEB91EF425490020CA9F /* Test11UITests.xctest */ = {isa = PBXFileReference; explicitFileType = wrapper.cfbundle; includeInIndex = 0; path = Test11UITests.xctest; sourceTree = BUILT_PRODUCTS_DIR; };
		B098BEBD1EF425490020CA9F /* Test11UITests.m */ = {isa = PBXFileReference; lastKnownFileType = sourcecode.c.objc; path = Test11UITests.m; sourceTree = "<group>"; };
		B098BEBF1EF425490020CA9F /* Info.plist */ = {isa = PBXFileReference; lastKnownFileType = text.plist.xml; path = Info.plist; sourceTree = "<group>"; };
		B098BEE21EF8BAA60020CA9F /* Calc.h */ = {isa = PBXFileReference; fileEncoding = 4; lastKnownFileType = sourcecode.c.h; path = Calc.h; sourceTree = "<group>"; };
		B098BEE31EF8BAA60020CA9F /* Calc.m */ = {isa = PBXFileReference; fileEncoding = 4; lastKnownFileType = sourcecode.c.objc; path = Calc.m; sourceTree = "<group>"; };
/* End PBXFileReference section */

/* Begin PBXFrameworksBuildPhase section */
		B098BE8F1EF425490020CA9F /* Frameworks */ = {
			isa = PBXFrameworksBuildPhase;
			buildActionMask = 2147483647;
			files = (
			);
			runOnlyForDeploymentPostprocessing = 0;
		};
		B098BEAB1EF425490020CA9F /* Frameworks */ = {
			isa = PBXFrameworksBuildPhase;
			buildActionMask = 2147483647;
			files = (
			);
			runOnlyForDeploymentPostprocessing = 0;
		};
		B098BEB61EF425490020CA9F /* Frameworks */ = {
			isa = PBXFrameworksBuildPhase;
			buildActionMask = 2147483647;
			files = (
			);
			runOnlyForDeploymentPostprocessing = 0;
		};
/* End PBXFrameworksBuildPhase section */

/* Begin PBXGroup section */
		B098BE891EF425490020CA9F = {
			isa = PBXGroup;
			children = (
				B098BEDE1EF8BA910020CA9F /* Classes */,
				B098BE941EF425490020CA9F /* Test11 */,
				B098BEB11EF425490020CA9F /* Test11Tests */,
				B098BEBC1EF425490020CA9F /* Test11UITests */,
				B098BE931EF425490020CA9F /* Products */,
			);
			sourceTree = "<group>";
		};
		B098BE931EF425490020CA9F /* Products */ = {
			isa = PBXGroup;
			children = (
				B098BE921EF425490020CA9F /* Test11.app */,
				B098BEAE1EF425490020CA9F /* Test11Tests.xctest */,
				B098BEB91EF425490020CA9F /* Test11UITests.xctest */,
			);
			name = Products;
			sourceTree = "<group>";
		};
		B098BE941EF425490020CA9F /* Test11 */ = {
			isa = PBXGroup;
			children = (
				B098BE981EF425490020CA9F /* AppDelegate.h */,
				B098BE991EF425490020CA9F /* AppDelegate.m */,
				B098BE9B1EF425490020CA9F /* ViewController.h */,
				B098BE9C1EF425490020CA9F /* ViewController.m */,
				B098BE9E1EF425490020CA9F /* Main.storyboard */,
				B098BEA41EF425490020CA9F /* Assets.xcassets */,
				B098BEA61EF425490020CA9F /* LaunchScreen.storyboard */,
				B098BEA91EF425490020CA9F /* Info.plist */,
				B098BEA11EF425490020CA9F /* Test11.xcdatamodeld */,
				B098BE951EF425490020CA9F /* Supporting Files */,
			);
			path = Test11;
			sourceTree = "<group>";
		};
		B098BE951EF425490020CA9F /* Supporting Files */ = {
			isa = PBXGroup;
			children = (
				B098BE961EF425490020CA9F /* main.m */,
			);
			name = "Supporting Files";
			sourceTree = "<group>";
		};
		B098BEB11EF425490020CA9F /* Test11Tests */ = {
			isa = PBXGroup;
			children = (
				B098BEB21EF425490020CA9F /* Test11Tests.m */,
				B098BEB41EF425490020CA9F /* Info.plist */,
			);
			path = Test11Tests;
			sourceTree = "<group>";
		};
		B098BEBC1EF425490020CA9F /* Test11UITests */ = {
			isa = PBXGroup;
			children = (
				B098BEBD1EF425490020CA9F /* Test11UITests.m */,
				B098BEBF1EF425490020CA9F /* Info.plist */,
			);
			path = Test11UITests;
			sourceTree = "<group>";
		};
		B098BEDE1EF8BA910020CA9F /* Classes */ = {
			isa = PBXGroup;
			children = (
				B098BEE21EF8BAA60020CA9F /* Calc.h */,
				B098BEE31EF8BAA60020CA9F /* Calc.m */,
			);
			path = Classes;
			sourceTree = "<group>";
		};
/* End PBXGroup section */

/* Begin PBXNativeTarget section */
		B098BE911EF425490020CA9F /* Test11 */ = {
			isa = PBXNativeTarget;
			buildConfigurationList = B098BEC21EF425490020CA9F /* Build configuration list for PBXNativeTarget "Test11" */;
			buildPhases = (
				B098BE8E1EF425490020CA9F /* Sources */,
				B098BE8F1EF425490020CA9F /* Frameworks */,
				B098BE901EF425490020CA9F /* Resources */,
			);
			buildRules = (
			);
			dependencies = (
			);
			name = Test11;
			productName = Test11;
			productReference = B098BE921EF425490020CA9F /* Test11.app */;
			productType = "com.apple.product-type.application";
		};
		B098BEAD1EF425490020CA9F /* Test11Tests */ = {
			isa = PBXNativeTarget;
			buildConfigurationList = B098BEC51EF425490020CA9F /* Build configuration list for PBXNativeTarget "Test11Tests" */;
			buildPhases = (
				B098BEAA1EF425490020CA9F /* Sources */,
				B098BEAB1EF425490020CA9F /* Frameworks */,
				B098BEAC1EF425490020CA9F /* Resources */,
			);
			buildRules = (
			);
			dependencies = (
				B098BEB01EF425490020CA9F /* PBXTargetDependency */,
			);
			name = Test11Tests;
			productName = Test11Tests;
			productReference = B098BEAE1EF425490020CA9F /* Test11Tests.xctest */;
			productType = "com.apple.product-type.bundle.unit-test";
		};
		B098BEB81EF425490020CA9F /* Test11UITests */ = {
			isa = PBXNativeTarget;
			buildConfigurationList = B098BEC81EF425490020CA9F /* Build configuration list for PBXNativeTarget "Test11UITests" */;
			buildPhases = (
				B098BEB51EF425490020CA9F /* Sources */,
				B098BEB61EF425490020CA9F /* Frameworks */,
				B098BEB71EF425490020CA9F /* Resources */,
			);
			buildRules = (
			);
			dependencies = (
				B098BEBB1EF425490020CA9F /* PBXTargetDependency */,
			);
			name = Test11UITests;
			productName = Test11UITests;
			productReference = B098BEB91EF425490020CA9F /* Test11UITests.xctest */;
			productType = "com.apple.product-type.bundle.ui-testing";
		};
/* End PBXNativeTarget section */

/* Begin PBXProject section */
		B098BE8A1EF425490020CA9F /* Project object */ = {
			isa = PBXProject;
			attributes = {
				LastUpgradeCheck = 0830;
				ORGANIZATIONNAME = "yakun yin";
				TargetAttributes = {
					B098BE911EF425490020CA9F = {
						CreatedOnToolsVersion = 8.3.2;
						DevelopmentTeam = LKLUL3G769;
						ProvisioningStyle = Automatic;
					};
					B098BEAD1EF425490020CA9F = {
						CreatedOnToolsVersion = 8.3.2;
						DevelopmentTeam = LKLUL3G769;
						ProvisioningStyle = Automatic;
						TestTargetID = B098BE911EF425490020CA9F;
					};
					B098BEB81EF425490020CA9F = {
						CreatedOnToolsVersion = 8.3.2;
						DevelopmentTeam = LKLUL3G769;
						ProvisioningStyle = Automatic;
						TestTargetID = B098BE911EF425490020CA9F;
					};
				};
			};
			buildConfigurationList = B098BE8D1EF425490020CA9F /* Build configuration list for PBXProject "Test11" */;
			compatibilityVersion = "Xcode 3.2";
			developmentRegion = English;
			hasScannedForEncodings = 0;
			knownRegions = (
				en,
				Base,
			);
			mainGroup = B098BE891EF425490020CA9F;
			productRefGroup = B098BE931EF425490020CA9F /* Products */;
			projectDirPath = "";
			projectRoot = "";
			targets = (
				B098BE911EF425490020CA9F /* Test11 */,
				B098BEAD1EF425490020CA9F /* Test11Tests */,
				B098BEB81EF425490020CA9F /* Test11UITests */,
			);
		};
/* End PBXProject section */

/* Begin PBXResourcesBuildPhase section */
		B098BE901EF425490020CA9F /* Resources */ = {
			isa = PBXResourcesBuildPhase;
			buildActionMask = 2147483647;
			files = (
				B098BEA81EF425490020CA9F /* LaunchScreen.storyboard in Resources */,
				B098BEA51EF425490020CA9F /* Assets.xcassets in Resources */,
				B098BEA01EF425490020CA9F /* Main.storyboard in Resources */,
			);
			runOnlyForDeploymentPostprocessing = 0;
		};
		B098BEAC1EF425490020CA9F /* Resources */ = {
			isa = PBXResourcesBuildPhase;
			buildActionMask = 2147483647;
			files = (
			);
			runOnlyForDeploymentPostprocessing = 0;
		};
		B098BEB71EF425490020CA9F /* Resources */ = {
			isa = PBXResourcesBuildPhase;
			buildActionMask = 2147483647;
			files = (
			);
			runOnlyForDeploymentPostprocessing = 0;
		};
/* End PBXResourcesBuildPhase section */

/* Begin PBXSourcesBuildPhase section */
		B098BE8E1EF425490020CA9F /* Sources */ = {
			isa = PBXSourcesBuildPhase;
			buildActionMask = 2147483647;
			files = (
				B098BEE41EF8BAA60020CA9F /* Calc.m in Sources */,
				B098BE9D1EF425490020CA9F /* ViewController.m in Sources */,
				B098BEA31EF425490020CA9F /* Test11.xcdatamodeld in Sources */,
				B098BE9A1EF425490020CA9F /* AppDelegate.m in Sources */,
				B098BE971EF425490020CA9F /* main.m in Sources */,
			);
			runOnlyForDeploymentPostprocessing = 0;
		};
		B098BEAA1EF425490020CA9F /* Sources */ = {
			isa = PBXSourcesBuildPhase;
			buildActionMask = 2147483647;
			files = (
				B098BEB31EF425490020CA9F /* Test11Tests.m in Sources */,
			);
			runOnlyForDeploymentPostprocessing = 0;
		};
		B098BEB51EF425490020CA9F /* Sources */ = {
			isa = PBXSourcesBuildPhase;
			buildActionMask = 2147483647;
			files = (
				B098BEBE1EF425490020CA9F /* Test11UITests.m in Sources */,
			);
			runOnlyForDeploymentPostprocessing = 0;
		};
/* End PBXSourcesBuildPhase section */

/* Begin PBXTargetDependency section */
		B098BEB01EF425490020CA9F /* PBXTargetDependency */ = {
			isa = PBXTargetDependency;
			target = B098BE911EF425490020CA9F /* Test11 */;
			targetProxy = B098BEAF1EF425490020CA9F /* PBXContainerItemProxy */;
		};
		B098BEBB1EF425490020CA9F /* PBXTargetDependency */ = {
			isa = PBXTargetDependency;
			target = B098BE911EF425490020CA9F /* Test11 */;
			targetProxy = B098BEBA1EF425490020CA9F /* PBXContainerItemProxy */;
		};
/* End PBXTargetDependency section */

/* Begin PBXVariantGroup section */
		B098BE9E1EF425490020CA9F /* Main.storyboard */ = {
			isa = PBXVariantGroup;
			children = (
				B098BE9F1EF425490020CA9F /* Base */,
			);
			name = Main.storyboard;
			sourceTree = "<group>";
		};
		B098BEA61EF425490020CA9F /* LaunchScreen.storyboard */ = {
			isa = PBXVariantGroup;
			children = (
				B098BEA71EF425490020CA9F /* Base */,
			);
			name = LaunchScreen.storyboard;
			sourceTree = "<group>";
		};
/* End PBXVariantGroup section */

/* Begin XCBuildConfiguration section */
		B098BEC01EF425490020CA9F /* Debug */ = {
			isa = XCBuildConfiguration;
			buildSettings = {
				ALWAYS_SEARCH_USER_PATHS = NO;
				CLANG_ANALYZER_NONNULL = YES;
				CLANG_ANALYZER_NUMBER_OBJECT_CONVERSION = YES_AGGRESSIVE;
				CLANG_CXX_LANGUAGE_STANDARD = "gnu++0x";
				CLANG_CXX_LIBRARY = "libc++";
				CLANG_ENABLE_MODULES = YES;
				CLANG_ENABLE_OBJC_ARC = YES;
				CLANG_WARN_BOOL_CONVERSION = YES;
				CLANG_WARN_CONSTANT_CONVERSION = YES;
				CLANG_WARN_DIRECT_OBJC_ISA_USAGE = YES_ERROR;
				CLANG_WARN_DOCUMENTATION_COMMENTS = YES;
				CLANG_WARN_EMPTY_BODY = YES;
				CLANG_WARN_ENUM_CONVERSION = YES;
				CLANG_WARN_INFINITE_RECURSION = YES;
				CLANG_WARN_INT_CONVERSION = YES;
				CLANG_WARN_OBJC_ROOT_CLASS = YES_ERROR;
				CLANG_WARN_SUSPICIOUS_MOVE = YES;
				CLANG_WARN_UNREACHABLE_CODE = YES;
				CLANG_WARN__DUPLICATE_METHOD_MATCH = YES;
				"CODE_SIGN_IDENTITY[sdk=iphoneos*]" = "iPhone Developer";
				COPY_PHASE_STRIP = NO;
				DEBUG_INFORMATION_FORMAT = dwarf;
				ENABLE_STRICT_OBJC_MSGSEND = YES;
				ENABLE_TESTABILITY = YES;
				GCC_C_LANGUAGE_STANDARD = gnu99;
				GCC_DYNAMIC_NO_PIC = NO;
				GCC_NO_COMMON_BLOCKS = YES;
				GCC_OPTIMIZATION_LEVEL = 0;
				GCC_PREPROCESSOR_DEFINITIONS = (
					"DEBUG=1",
					"$(inherited)",
				);
				GCC_WARN_64_TO_32_BIT_CONVERSION = YES;
				GCC_WARN_ABOUT_RETURN_TYPE = YES_ERROR;
				GCC_WARN_UNDECLARED_SELECTOR = YES;
				GCC_WARN_UNINITIALIZED_AUTOS = YES_AGGRESSIVE;
				GCC_WARN_UNUSED_FUNCTION = YES;
				GCC_WARN_UNUSED_VARIABLE = YES;
				IPHONEOS_DEPLOYMENT_TARGET = 10.3;
				MTL_ENABLE_DEBUG_INFO = YES;
				ONLY_ACTIVE_ARCH = YES;
				SDKROOT = iphoneos;
			};
			name = Debug;
		};
		B098BEC11EF425490020CA9F /* Release */ = {
			isa = XCBuildConfiguration;
			buildSettings = {
				ALWAYS_SEARCH_USER_PATHS = NO;
				CLANG_ANALYZER_NONNULL = YES;
				CLANG_ANALYZER_NUMBER_OBJECT_CONVERSION = YES_AGGRESSIVE;
				CLANG_CXX_LANGUAGE_STANDARD = "gnu++0x";
				CLANG_CXX_LIBRARY = "libc++";
				CLANG_ENABLE_MODULES = YES;
				CLANG_ENABLE_OBJC_ARC = YES;
				CLANG_WARN_BOOL_CONVERSION = YES;
				CLANG_WARN_CONSTANT_CONVERSION = YES;
				CLANG_WARN_DIRECT_OBJC_ISA_USAGE = YES_ERROR;
				CLANG_WARN_DOCUMENTATION_COMMENTS = YES;
				CLANG_WARN_EMPTY_BODY = YES;
				CLANG_WARN_ENUM_CONVERSION = YES;
				CLANG_WARN_INFINITE_RECURSION = YES;
				CLANG_WARN_INT_CONVERSION = YES;
				CLANG_WARN_OBJC_ROOT_CLASS = YES_ERROR;
				CLANG_WARN_SUSPICIOUS_MOVE = YES;
				CLANG_WARN_UNREACHABLE_CODE = YES;
				CLANG_WARN__DUPLICATE_METHOD_MATCH = YES;
				"CODE_SIGN_IDENTITY[sdk=iphoneos*]" = "iPhone Developer";
				COPY_PHASE_STRIP = NO;
				DEBUG_INFORMATION_FORMAT = "dwarf-with-dsym";
				ENABLE_NS_ASSERTIONS = NO;
				ENABLE_STRICT_OBJC_MSGSEND = YES;
				GCC_C_LANGUAGE_STANDARD = gnu99;
				GCC_NO_COMMON_BLOCKS = YES;
				GCC_WARN_64_TO_32_BIT_CONVERSION = YES;
				GCC_WARN_ABOUT_RETURN_TYPE = YES_ERROR;
				GCC_WARN_UNDECLARED_SELECTOR = YES;
				GCC_WARN_UNINITIALIZED_AUTOS = YES_AGGRESSIVE;
				GCC_WARN_UNUSED_FUNCTION = YES;
				GCC_WARN_UNUSED_VARIABLE = YES;
				IPHONEOS_DEPLOYMENT_TARGET = 10.3;
				MTL_ENABLE_DEBUG_INFO = NO;
				SDKROOT = iphoneos;
				VALIDATE_PRODUCT = YES;
			};
			name = Release;
		};
		B098BEC31EF425490020CA9F /* Debug */ = {
			isa = XCBuildConfiguration;
			buildSettings = {
				ASSETCATALOG_COMPILER_APPICON_NAME = AppIcon;
				DEVELOPMENT_TEAM = LKLUL3G769;
				INFOPLIST_FILE = Test11/Info.plist;
				LD_RUNPATH_SEARCH_PATHS = "$(inherited) @executable_path/Frameworks";
				PRODUCT_BUNDLE_IDENTIFIER = LN.Test11;
				PRODUCT_NAME = "$(TARGET_NAME)";
			};
			name = Debug;
		};
		B098BEC41EF425490020CA9F /* Release */ = {
			isa = XCBuildConfiguration;
			buildSettings = {
				ASSETCATALOG_COMPILER_APPICON_NAME = AppIcon;
				DEVELOPMENT_TEAM = LKLUL3G769;
				INFOPLIST_FILE = Test11/Info.plist;
				LD_RUNPATH_SEARCH_PATHS = "$(inherited) @executable_path/Frameworks";
				PRODUCT_BUNDLE_IDENTIFIER = LN.Test11;
				PRODUCT_NAME = "$(TARGET_NAME)";
			};
			name = Release;
		};
		B098BEC61EF425490020CA9F /* Debug */ = {
			isa = XCBuildConfiguration;
			buildSettings = {
				BUNDLE_LOADER = "$(TEST_HOST)";
				DEVELOPMENT_TEAM = LKLUL3G769;
				INFOPLIST_FILE = Test11Tests/Info.plist;
				LD_RUNPATH_SEARCH_PATHS = "$(inherited) @executable_path/Frameworks @loader_path/Frameworks";
				PRODUCT_BUNDLE_IDENTIFIER = LN.Test11Tests;
				PRODUCT_NAME = "$(TARGET_NAME)";
				TEST_HOST = "$(BUILT_PRODUCTS_DIR)/Test11.app/Test11";
			};
			name = Debug;
		};
		B098BEC71EF425490020CA9F /* Release */ = {
			isa = XCBuildConfiguration;
			buildSettings = {
				BUNDLE_LOADER = "$(TEST_HOST)";
				DEVELOPMENT_TEAM = LKLUL3G769;
				INFOPLIST_FILE = Test11Tests/Info.plist;
				LD_RUNPATH_SEARCH_PATHS = "$(inherited) @executable_path/Frameworks @loader_path/Frameworks";
				PRODUCT_BUNDLE_IDENTIFIER = LN.Test11Tests;
				PRODUCT_NAME = "$(TARGET_NAME)";
				TEST_HOST = "$(BUILT_PRODUCTS_DIR)/Test11.app/Test11";
			};
			name = Release;
		};
		B098BEC91EF425490020CA9F /* Debug */ = {
			isa = XCBuildConfiguration;
			buildSettings = {
				DEVELOPMENT_TEAM = LKLUL3G769;
				INFOPLIST_FILE = Test11UITests/Info.plist;
				LD_RUNPATH_SEARCH_PATHS = "$(inherited) @executable_path/Frameworks @loader_path/Frameworks";
				PRODUCT_BUNDLE_IDENTIFIER = LN.Test11UITests;
				PRODUCT_NAME = "$(TARGET_NAME)";
				TEST_TARGET_NAME = Test11;
			};
			name = Debug;
		};
		B098BECA1EF425490020CA9F /* Release */ = {
			isa = XCBuildConfiguration;
			buildSettings = {
				DEVELOPMENT_TEAM = LKLUL3G769;
				INFOPLIST_FILE = Test11UITests/Info.plist;
				LD_RUNPATH_SEARCH_PATHS = "$(inherited) @executable_path/Frameworks @loader_path/Frameworks";
				PRODUCT_BUNDLE_IDENTIFIER = LN.Test11UITests;
				PRODUCT_NAME = "$(TARGET_NAME)";
				TEST_TARGET_NAME = Test11;
			};
			name = Release;
		};
/* End XCBuildConfiguration section */

/* Begin XCConfigurationList section */
		B098BE8D1EF425490020CA9F /* Build configuration list for PBXProject "Test11" */ = {
			isa = XCConfigurationList;
			buildConfigurations = (
				B098BEC01EF425490020CA9F /* Debug */,
				B098BEC11EF425490020CA9F /* Release */,
			);
			defaultConfigurationIsVisible = 0;
			defaultConfigurationName = Release;
		};
		B098BEC21EF425490020CA9F /* Build configuration list for PBXNativeTarget "Test11" */ = {
			isa = XCConfigurationList;
			buildConfigurations = (
				B098BEC31EF425490020CA9F /* Debug */,
				B098BEC41EF425490020CA9F /* Release */,
			);
			defaultConfigurationIsVisible = 0;
		};
		B098BEC51EF425490020CA9F /* Build configuration list for PBXNativeTarget "Test11Tests" */ = {
			isa = XCConfigurationList;
			buildConfigurations = (
				B098BEC61EF425490020CA9F /* Debug */,
				B098BEC71EF425490020CA9F /* Release */,
			);
			defaultConfigurationIsVisible = 0;
		};
		B098BEC81EF425490020CA9F /* Build configuration list for PBXNativeTarget "Test11UITests" */ = {
			isa = XCConfigurationList;
			buildConfigurations = (
				B098BEC91EF425490020CA9F /* Debug */,
				B098BECA1EF425490020CA9F /* Release */,
			);
			defaultConfigurationIsVisible = 0;
		};
/* End XCConfigurationList section */

/* Begin XCVersionGroup section */
		B098BEA11EF425490020CA9F /* Test11.xcdatamodeld */ = {
			isa = XCVersionGroup;
			children = (
				B098BEA21EF425490020CA9F /* Test11.xcdatamodel */,
			);
			currentVersion = B098BEA21EF425490020CA9F /* Test11.xcdatamodel */;
			path = Test11.xcdatamodeld;
			sourceTree = "<group>";
			versionGroupType = wrapper.xcdatamodel;
		};
/* End XCVersionGroup section */
	};
	rootObject = B098BE8A1EF425490020CA9F /* Project object */;
}
